// !$*UTF8*$!
{
	archiveVersion = 1;
	classes = {
	};
	objectVersion = 46;
	objects = {

/* Begin PBXBuildFile section */
		DE14A5341BC6B1F400CE2040 /* AppDelegate.swift in Sources */ = {isa = PBXBuildFile; fileRef = DE14A5331BC6B1F400CE2040 /* AppDelegate.swift */; };
		DE14A5361BC6B1F400CE2040 /* ViewController.swift in Sources */ = {isa = PBXBuildFile; fileRef = DE14A5351BC6B1F400CE2040 /* ViewController.swift */; };
		DE14A5391BC6B1F400CE2040 /* Main.storyboard in Resources */ = {isa = PBXBuildFile; fileRef = DE14A5371BC6B1F400CE2040 /* Main.storyboard */; };
		DE14A53C1BC6B1F400CE2040 /* tic_tac_toe.xcdatamodeld in Sources */ = {isa = PBXBuildFile; fileRef = DE14A53A1BC6B1F400CE2040 /* tic_tac_toe.xcdatamodeld */; };
		DE14A53E1BC6B1F400CE2040 /* Assets.xcassets in Resources */ = {isa = PBXBuildFile; fileRef = DE14A53D1BC6B1F400CE2040 /* Assets.xcassets */; };
		DE14A5411BC6B1F400CE2040 /* LaunchScreen.storyboard in Resources */ = {isa = PBXBuildFile; fileRef = DE14A53F1BC6B1F400CE2040 /* LaunchScreen.storyboard */; };
		DE14A54B1BC6B20700CE2040 /* board.png in Resources */ = {isa = PBXBuildFile; fileRef = DE14A5481BC6B20700CE2040 /* board.png */; settings = {ASSET_TAGS = (); }; };
		DE14A54C1BC6B20700CE2040 /* cross.png in Resources */ = {isa = PBXBuildFile; fileRef = DE14A5491BC6B20700CE2040 /* cross.png */; settings = {ASSET_TAGS = (); }; };
		DE14A54D1BC6B20700CE2040 /* nought.png in Resources */ = {isa = PBXBuildFile; fileRef = DE14A54A1BC6B20700CE2040 /* nought.png */; settings = {ASSET_TAGS = (); }; };
/* End PBXBuildFile section */

/* Begin PBXFileReference section */
		DE14A5301BC6B1F400CE2040 /* tic-tac-toe.app */ = {isa = PBXFileReference; explicitFileType = wrapper.application; includeInIndex = 0; path = "tic-tac-toe.app"; sourceTree = BUILT_PRODUCTS_DIR; };
		DE14A5331BC6B1F400CE2040 /* AppDelegate.swift */ = {isa = PBXFileReference; lastKnownFileType = sourcecode.swift; path = AppDelegate.swift; sourceTree = "<group>"; };
		DE14A5351BC6B1F400CE2040 /* ViewController.swift */ = {isa = PBXFileReference; lastKnownFileType = sourcecode.swift; path = ViewController.swift; sourceTree = "<group>"; };
		DE14A5381BC6B1F400CE2040 /* Base */ = {isa = PBXFileReference; lastKnownFileType = file.storyboard; name = Base; path = Base.lproj/Main.storyboard; sourceTree = "<group>"; };
		DE14A53B1BC6B1F400CE2040 /* tic_tac_toe.xcdatamodel */ = {isa = PBXFileReference; lastKnownFileType = wrapper.xcdatamodel; path = tic_tac_toe.xcdatamodel; sourceTree = "<group>"; };
		DE14A53D1BC6B1F400CE2040 /* Assets.xcassets */ = {isa = PBXFileReference; lastKnownFileType = folder.assetcatalog; path = Assets.xcassets; sourceTree = "<group>"; };
		DE14A5401BC6B1F400CE2040 /* Base */ = {isa = PBXFileReference; lastKnownFileType = file.storyboard; name = Base; path = Base.lproj/LaunchScreen.storyboard; sourceTree = "<group>"; };
		DE14A5421BC6B1F400CE2040 /* Info.plist */ = {isa = PBXFileReference; lastKnownFileType = text.plist.xml; path = Info.plist; sourceTree = "<group>"; };
		DE14A5481BC6B20700CE2040 /* board.png */ = {isa = PBXFileReference; lastKnownFileType = image.png; path = board.png; sourceTree = "<group>"; };
		DE14A5491BC6B20700CE2040 /* cross.png */ = {isa = PBXFileReference; lastKnownFileType = image.png; path = cross.png; sourceTree = "<group>"; };
		DE14A54A1BC6B20700CE2040 /* nought.png */ = {isa = PBXFileReference; lastKnownFileType = image.png; path = nought.png; sourceTree = "<group>"; };
/* End PBXFileReference section */

/* Begin PBXFrameworksBuildPhase section */
		DE14A52D1BC6B1F400CE2040 /* Frameworks */ = {
			isa = PBXFrameworksBuildPhase;
			buildActionMask = 2147483647;
			files = (
			);
			runOnlyForDeploymentPostprocessing = 0;
		};
/* End PBXFrameworksBuildPhase section */

/* Begin PBXGroup section */
		DE14A5271BC6B1F400CE2040 = {
			isa = PBXGroup;
			children = (
				DE14A5321BC6B1F400CE2040 /* tic-tac-toe */,
				DE14A5311BC6B1F400CE2040 /* Products */,
			);
			sourceTree = "<group>";
		};
		DE14A5311BC6B1F400CE2040 /* Products */ = {
			isa = PBXGroup;
			children = (
				DE14A5301BC6B1F400CE2040 /* tic-tac-toe.app */,
			);
			name = Products;
			sourceTree = "<group>";
		};
		DE14A5321BC6B1F400CE2040 /* tic-tac-toe */ = {
			isa = PBXGroup;
			children = (
				DE14A5481BC6B20700CE2040 /* board.png */,
				DE14A5491BC6B20700CE2040 /* cross.png */,
				DE14A54A1BC6B20700CE2040 /* nought.png */,
				DE14A5331BC6B1F400CE2040 /* AppDelegate.swift */,
				DE14A5351BC6B1F400CE2040 /* ViewController.swift */,
				DE14A5371BC6B1F400CE2040 /* Main.storyboard */,
				DE14A53D1BC6B1F400CE2040 /* Assets.xcassets */,
				DE14A53F1BC6B1F400CE2040 /* LaunchScreen.storyboard */,
				DE14A5421BC6B1F400CE2040 /* Info.plist */,
				DE14A53A1BC6B1F400CE2040 /* tic_tac_toe.xcdatamodeld */,
			);
			path = "tic-tac-toe";
			sourceTree = "<group>";
		};
/* End PBXGroup section */

/* Begin PBXNativeTarget section */
		DE14A52F1BC6B1F400CE2040 /* tic-tac-toe */ = {
			isa = PBXNativeTarget;
			buildConfigurationList = DE14A5451BC6B1F400CE2040 /* Build configuration list for PBXNativeTarget "tic-tac-toe" */;
			buildPhases = (
				DE14A52C1BC6B1F400CE2040 /* Sources */,
				DE14A52D1BC6B1F400CE2040 /* Frameworks */,
				DE14A52E1BC6B1F400CE2040 /* Resources */,
			);
			buildRules = (
			);
			dependencies = (
			);
			name = "tic-tac-toe";
			productName = "tic-tac-toe";
			productReference = DE14A5301BC6B1F400CE2040 /* tic-tac-toe.app */;
			productType = "com.apple.product-type.application";
		};
/* End PBXNativeTarget section */

/* Begin PBXProject section */
		DE14A5281BC6B1F400CE2040 /* Project object */ = {
			isa = PBXProject;
			attributes = {
				LastUpgradeCheck = 0700;
				ORGANIZATIONNAME = HashRocket;
				TargetAttributes = {
					DE14A52F1BC6B1F400CE2040 = {
						CreatedOnToolsVersion = 7.0.1;
					};
				};
			};
			buildConfigurationList = DE14A52B1BC6B1F400CE2040 /* Build configuration list for PBXProject "tic-tac-toe" */;
			compatibilityVersion = "Xcode 3.2";
			developmentRegion = English;
			hasScannedForEncodings = 0;
			knownRegions = (
				en,
				Base,
			);
			mainGroup = DE14A5271BC6B1F400CE2040;
			productRefGroup = DE14A5311BC6B1F400CE2040 /* Products */;
			projectDirPath = "";
			projectRoot = "";
			targets = (
				DE14A52F1BC6B1F400CE2040 /* tic-tac-toe */,
			);
		};
/* End PBXProject section */

/* Begin PBXResourcesBuildPhase section */
		DE14A52E1BC6B1F400CE2040 /* Resources */ = {
			isa = PBXResourcesBuildPhase;
			buildActionMask = 2147483647;
			files = (
				DE14A54C1BC6B20700CE2040 /* cross.png in Resources */,
				DE14A54B1BC6B20700CE2040 /* board.png in Resources */,
				DE14A54D1BC6B20700CE2040 /* nought.png in Resources */,
				DE14A5411BC6B1F400CE2040 /* LaunchScreen.storyboard in Resources */,
				DE14A53E1BC6B1F400CE2040 /* Assets.xcassets in Resources */,
				DE14A5391BC6B1F400CE2040 /* Main.storyboard in Resources */,
			);
			runOnlyForDeploymentPostprocessing = 0;
		};
/* End PBXResourcesBuildPhase section */

/* Begin PBXSourcesBuildPhase section */
		DE14A52C1BC6B1F400CE2040 /* Sources */ = {
			isa = PBXSourcesBuildPhase;
			buildActionMask = 2147483647;
			files = (
				DE14A5361BC6B1F400CE2040 /* ViewController.swift in Sources */,
				DE14A5341BC6B1F400CE2040 /* AppDelegate.swift in Sources */,
				DE14A53C1BC6B1F400CE2040 /* tic_tac_toe.xcdatamodeld in Sources */,
			);
			runOnlyForDeploymentPostprocessing = 0;
		};
/* End PBXSourcesBuildPhase section */

/* Begin PBXVariantGroup section */
		DE14A5371BC6B1F400CE2040 /* Main.storyboard */ = {
			isa = PBXVariantGroup;
			children = (
				DE14A5381BC6B1F400CE2040 /* Base */,
			);
			name = Main.storyboard;
			sourceTree = "<group>";
		};
		DE14A53F1BC6B1F400CE2040 /* LaunchScreen.storyboard */ = {
			isa = PBXVariantGroup;
			children = (
				DE14A5401BC6B1F400CE2040 /* Base */,
			);
			name = LaunchScreen.storyboard;
			sourceTree = "<group>";
		};
/* End PBXVariantGroup section */

/* Begin XCBuildConfiguration section */
		DE14A5431BC6B1F400CE2040 /* Debug */ = {
			isa = XCBuildConfiguration;
			buildSettings = {
				ALWAYS_SEARCH_USER_PATHS = NO;
				CLANG_CXX_LANGUAGE_STANDARD = "gnu++0x";
				CLANG_CXX_LIBRARY = "libc++";
				CLANG_ENABLE_MODULES = YES;
				CLANG_ENABLE_OBJC_ARC = YES;
				CLANG_WARN_BOOL_CONVERSION = YES;
				CLANG_WARN_CONSTANT_CONVERSION = YES;
				CLANG_WARN_DIRECT_OBJC_ISA_USAGE = YES_ERROR;
				CLANG_WARN_EMPTY_BODY = YES;
				CLANG_WARN_ENUM_CONVERSION = YES;
				CLANG_WARN_INT_CONVERSION = YES;
				CLANG_WARN_OBJC_ROOT_CLASS = YES_ERROR;
				CLANG_WARN_UNREACHABLE_CODE = YES;
				CLANG_WARN__DUPLICATE_METHOD_MATCH = YES;
				"CODE_SIGN_IDENTITY[sdk=iphoneos*]" = "iPhone Developer";
				COPY_PHASE_STRIP = NO;
				DEBUG_INFORMATION_FORMAT = dwarf;
				ENABLE_STRICT_OBJC_MSGSEND = YES;
				ENABLE_TESTABILITY = YES;
				GCC_C_LANGUAGE_STANDARD = gnu99;
				GCC_DYNAMIC_NO_PIC = NO;
				GCC_NO_COMMON_BLOCKS = YES;
				GCC_OPTIMIZATION_LEVEL = 0;
				GCC_PREPROCESSOR_DEFINITIONS = (
					"DEBUG=1",
					"$(inherited)",
				);
				GCC_WARN_64_TO_32_BIT_CONVERSION = YES;
				GCC_WARN_ABOUT_RETURN_TYPE = YES_ERROR;
				GCC_WARN_UNDECLARED_SELECTOR = YES;
				GCC_WARN_UNINITIALIZED_AUTOS = YES_AGGRESSIVE;
				GCC_WARN_UNUSED_FUNCTION = YES;
				GCC_WARN_UNUSED_VARIABLE = YES;
				IPHONEOS_DEPLOYMENT_TARGET = 9.0;
				MTL_ENABLE_DEBUG_INFO = YES;
				ONLY_ACTIVE_ARCH = YES;
				SDKROOT = iphoneos;
				SWIFT_OPTIMIZATION_LEVEL = "-Onone";
			};
			name = Debug;
		};
		DE14A5441BC6B1F400CE2040 /* Release */ = {
			isa = XCBuildConfiguration;
			buildSettings = {
				ALWAYS_SEARCH_USER_PATHS = NO;
				CLANG_CXX_LANGUAGE_STANDARD = "gnu++0x";
				CLANG_CXX_LIBRARY = "libc++";
				CLANG_ENABLE_MODULES = YES;
				CLANG_ENABLE_OBJC_ARC = YES;
				CLANG_WARN_BOOL_CONVERSION = YES;
				CLANG_WARN_CONSTANT_CONVERSION = YES;
				CLANG_WARN_DIRECT_OBJC_ISA_USAGE = YES_ERROR;
				CLANG_WARN_EMPTY_BODY = YES;
				CLANG_WARN_ENUM_CONVERSION = YES;
				CLANG_WARN_INT_CONVERSION = YES;
				CLANG_WARN_OBJC_ROOT_CLASS = YES_ERROR;
				CLANG_WARN_UNREACHABLE_CODE = YES;
				CLANG_WARN__DUPLICATE_METHOD_MATCH = YES;
				"CODE_SIGN_IDENTITY[sdk=iphoneos*]" = "iPhone Developer";
				COPY_PHASE_STRIP = NO;
				DEBUG_INFORMATION_FORMAT = "dwarf-with-dsym";
				ENABLE_NS_ASSERTIONS = NO;
				ENABLE_STRICT_OBJC_MSGSEND = YES;
				GCC_C_LANGUAGE_STANDARD = gnu99;
				GCC_NO_COMMON_BLOCKS = YES;
				GCC_WARN_64_TO_32_BIT_CONVERSION = YES;
				GCC_WARN_ABOUT_RETURN_TYPE = YES_ERROR;
				GCC_WARN_UNDECLARED_SELECTOR = YES;
				GCC_WARN_UNINITIALIZED_AUTOS = YES_AGGRESSIVE;
				GCC_WARN_UNUSED_FUNCTION = YES;
				GCC_WARN_UNUSED_VARIABLE = YES;
				IPHONEOS_DEPLOYMENT_TARGET = 9.0;
				MTL_ENABLE_DEBUG_INFO = NO;
				SDKROOT = iphoneos;
				VALIDATE_PRODUCT = YES;
			};
			name = Release;
		};
		DE14A5461BC6B1F400CE2040 /* Debug */ = {
			isa = XCBuildConfiguration;
			buildSettings = {
				ASSETCATALOG_COMPILER_APPICON_NAME = AppIcon;
				INFOPLIST_FILE = "tic-tac-toe/Info.plist";
				LD_RUNPATH_SEARCH_PATHS = "$(inherited) @executable_path/Frameworks";
				PRODUCT_BUNDLE_IDENTIFIER = "Open-Sky-Media--LLC.tic-tac-toe";
				PRODUCT_NAME = "$(TARGET_NAME)";
			};
			name = Debug;
		};
		DE14A5471BC6B1F400CE2040 /* Release */ = {
			isa = XCBuildConfiguration;
			buildSettings = {
				ASSETCATALOG_COMPILER_APPICON_NAME = AppIcon;
				INFOPLIST_FILE = "tic-tac-toe/Info.plist";
				LD_RUNPATH_SEARCH_PATHS = "$(inherited) @executable_path/Frameworks";
				PRODUCT_BUNDLE_IDENTIFIER = "Open-Sky-Media--LLC.tic-tac-toe";
				PRODUCT_NAME = "$(TARGET_NAME)";
			};
			name = Release;
		};
/* End XCBuildConfiguration section */

/* Begin XCConfigurationList section */
		DE14A52B1BC6B1F400CE2040 /* Build configuration list for PBXProject "tic-tac-toe" */ = {
			isa = XCConfigurationList;
			buildConfigurations = (
				DE14A5431BC6B1F400CE2040 /* Debug */,
				DE14A5441BC6B1F400CE2040 /* Release */,
			);
			defaultConfigurationIsVisible = 0;
			defaultConfigurationName = Release;
		};
		DE14A5451BC6B1F400CE2040 /* Build configuration list for PBXNativeTarget "tic-tac-toe" */ = {
			isa = XCConfigurationList;
			buildConfigurations = (
				DE14A5461BC6B1F400CE2040 /* Debug */,
				DE14A5471BC6B1F400CE2040 /* Release */,
			);
			defaultConfigurationIsVisible = 0;
		};
/* End XCConfigurationList section */

/* Begin XCVersionGroup section */
		DE14A53A1BC6B1F400CE2040 /* tic_tac_toe.xcdatamodeld */ = {
			isa = XCVersionGroup;
			children = (
				DE14A53B1BC6B1F400CE2040 /* tic_tac_toe.xcdatamodel */,
			);
			currentVersion = DE14A53B1BC6B1F400CE2040 /* tic_tac_toe.xcdatamodel */;
			path = tic_tac_toe.xcdatamodeld;
			sourceTree = "<group>";
			versionGroupType = wrapper.xcdatamodel;
		};
/* End XCVersionGroup section */
	};
	rootObject = DE14A5281BC6B1F400CE2040 /* Project object */;
}
